
Microsoft Visual Studio Solution File, Format Version 12.00
# Visual Studio 15
VisualStudioVersion = 15.0.25807.0
MinimumVisualStudioVersion = 10.0.40219.1
Project("{2150E333-8FDC-42A3-9474-1A3956D46DE8}") = "Engine", "Engine", "{2CB0D2B5-B9CF-4C7F-AF81-EC701F76C8D4}"
EndProject
Project("{2150E333-8FDC-42A3-9474-1A3956D46DE8}") = "Games", "Games", "{F44AE476-9CE1-4DA9-B686-32CBB1D7E4C1}"
EndProject
Project("{8BC9CEB8-8B4A-11D0-8D11-00A0C91BC942}") = "UE4", "Intermediate\ProjectFiles\UE4.vcxproj", "{0DF527DA-7919-4F47-91C2-22C9DEE64ADB}"
EndProject
Project("{8BC9CEB8-8B4A-11D0-8D11-00A0C91BC942}") = "IKDemo", "Intermediate\ProjectFiles\IKDemo.vcxproj", "{BEC6E81E-F976-45C7-BAAC-3AA4F8D3792A}"
EndProject
Project("{2150E333-8FDC-42A3-9474-1A3956D46DE8}") = "Visualizers", "Visualizers", "{A314D5FF-A6AD-460C-8A53-3FA35B6ED8B7}"
	ProjectSection(SolutionItems) = preProject
		..\..\..\..\Program Files\Epic Games\UE_4.23\Engine\Extras\VisualStudioDebugging\UE4.natvis = ..\..\..\..\Program Files\Epic Games\UE_4.23\Engine\Extras\VisualStudioDebugging\UE4.natvis
	EndProjectSection
EndProject
Global
	GlobalSection(SolutionConfigurationPlatforms) = preSolution
		DebugGame Editor|HTML5 = DebugGame Editor|HTML5
		DebugGame Editor|Win32 = DebugGame Editor|Win32
		DebugGame Editor|Win64 = DebugGame Editor|Win64
		DebugGame|HTML5 = DebugGame|HTML5
		DebugGame|Win32 = DebugGame|Win32
		DebugGame|Win64 = DebugGame|Win64
		Development Editor|HTML5 = Development Editor|HTML5
		Development Editor|Win32 = Development Editor|Win32
		Development Editor|Win64 = Development Editor|Win64
		Development|HTML5 = Development|HTML5
		Development|Win32 = Development|Win32
		Development|Win64 = Development|Win64
		Shipping|HTML5 = Shipping|HTML5
		Shipping|Win32 = Shipping|Win32
		Shipping|Win64 = Shipping|Win64
	EndGlobalSection
	GlobalSection(ProjectConfigurationPlatforms) = postSolution
		{0DF527DA-7919-4F47-91C2-22C9DEE64ADB}.DebugGame Editor|HTML5.ActiveCfg = BuiltWithUnrealBuildTool|Win32
		{0DF527DA-7919-4F47-91C2-22C9DEE64ADB}.DebugGame Editor|Win32.ActiveCfg = BuiltWithUnrealBuildTool|Win32
		{0DF527DA-7919-4F47-91C2-22C9DEE64ADB}.DebugGame Editor|Win64.ActiveCfg = BuiltWithUnrealBuildTool|Win32
		{0DF527DA-7919-4F47-91C2-22C9DEE64ADB}.DebugGame|HTML5.ActiveCfg = BuiltWithUnrealBuildTool|Win32
		{0DF527DA-7919-4F47-91C2-22C9DEE64ADB}.DebugGame|Win32.ActiveCfg = BuiltWithUnrealBuildTool|Win32
		{0DF527DA-7919-4F47-91C2-22C9DEE64ADB}.DebugGame|Win64.ActiveCfg = BuiltWithUnrealBuildTool|Win32
		{0DF527DA-7919-4F47-91C2-22C9DEE64ADB}.Development Editor|HTML5.ActiveCfg = BuiltWithUnrealBuildTool|Win32
		{0DF527DA-7919-4F47-91C2-22C9DEE64ADB}.Development Editor|Win32.ActiveCfg = BuiltWithUnrealBuildTool|Win32
		{0DF527DA-7919-4F47-91C2-22C9DEE64ADB}.Development Editor|Win64.ActiveCfg = BuiltWithUnrealBuildTool|Win32
		{0DF527DA-7919-4F47-91C2-22C9DEE64ADB}.Development|HTML5.ActiveCfg = BuiltWithUnrealBuildTool|Win32
		{0DF527DA-7919-4F47-91C2-22C9DEE64ADB}.Development|Win32.ActiveCfg = BuiltWithUnrealBuildTool|Win32
		{0DF527DA-7919-4F47-91C2-22C9DEE64ADB}.Development|Win64.ActiveCfg = BuiltWithUnrealBuildTool|Win32
		{0DF527DA-7919-4F47-91C2-22C9DEE64ADB}.Shipping|HTML5.ActiveCfg = BuiltWithUnrealBuildTool|Win32
		{0DF527DA-7919-4F47-91C2-22C9DEE64ADB}.Shipping|Win32.ActiveCfg = BuiltWithUnrealBuildTool|Win32
		{0DF527DA-7919-4F47-91C2-22C9DEE64ADB}.Shipping|Win64.ActiveCfg = BuiltWithUnrealBuildTool|Win32
		{BEC6E81E-F976-45C7-BAAC-3AA4F8D3792A}.DebugGame Editor|HTML5.ActiveCfg = Invalid|Win32
		{BEC6E81E-F976-45C7-BAAC-3AA4F8D3792A}.DebugGame Editor|Win32.ActiveCfg = Invalid|Win32
		{BEC6E81E-F976-45C7-BAAC-3AA4F8D3792A}.DebugGame Editor|Win64.ActiveCfg = DebugGame_Editor|x64
		{BEC6E81E-F976-45C7-BAAC-3AA4F8D3792A}.DebugGame Editor|Win64.Build.0 = DebugGame_Editor|x64
		{BEC6E81E-F976-45C7-BAAC-3AA4F8D3792A}.DebugGame|HTML5.ActiveCfg = HTML5_DebugGame|Win32
		{BEC6E81E-F976-45C7-BAAC-3AA4F8D3792A}.DebugGame|HTML5.Build.0 = HTML5_DebugGame|Win32
		{BEC6E81E-F976-45C7-BAAC-3AA4F8D3792A}.DebugGame|Win32.ActiveCfg = DebugGame|Win32
		{BEC6E81E-F976-45C7-BAAC-3AA4F8D3792A}.DebugGame|Win32.Build.0 = DebugGame|Win32
		{BEC6E81E-F976-45C7-BAAC-3AA4F8D3792A}.DebugGame|Win64.ActiveCfg = DebugGame|x64
		{BEC6E81E-F976-45C7-BAAC-3AA4F8D3792A}.DebugGame|Win64.Build.0 = DebugGame|x64
		{BEC6E81E-F976-45C7-BAAC-3AA4F8D3792A}.Development Editor|HTML5.ActiveCfg = Invalid|Win32
		{BEC6E81E-F976-45C7-BAAC-3AA4F8D3792A}.Development Editor|Win32.ActiveCfg = Invalid|Win32
		{BEC6E81E-F976-45C7-BAAC-3AA4F8D3792A}.Development Editor|Win64.ActiveCfg = Development_Editor|x64
		{BEC6E81E-F976-45C7-BAAC-3AA4F8D3792A}.Development Editor|Win64.Build.0 = Development_Editor|x64
		{BEC6E81E-F976-45C7-BAAC-3AA4F8D3792A}.Development|HTML5.ActiveCfg = HTML5_Development|Win32
		{BEC6E81E-F976-45C7-BAAC-3AA4F8D3792A}.Development|HTML5.Build.0 = HTML5_Development|Win32
		{BEC6E81E-F976-45C7-BAAC-3AA4F8D3792A}.Development|Win32.ActiveCfg = Development|Win32
		{BEC6E81E-F976-45C7-BAAC-3AA4F8D3792A}.Development|Win32.Build.0 = Development|Win32
		{BEC6E81E-F976-45C7-BAAC-3AA4F8D3792A}.Development|Win64.ActiveCfg = Development|x64
		{BEC6E81E-F976-45C7-BAAC-3AA4F8D3792A}.Development|Win64.Build.0 = Development|x64
		{BEC6E81E-F976-45C7-BAAC-3AA4F8D3792A}.Shipping|HTML5.ActiveCfg = HTML5_Shipping|Win32
		{BEC6E81E-F976-45C7-BAAC-3AA4F8D3792A}.Shipping|HTML5.Build.0 = HTML5_Shipping|Win32
		{BEC6E81E-F976-45C7-BAAC-3AA4F8D3792A}.Shipping|Win32.ActiveCfg = Shipping|Win32
		{BEC6E81E-F976-45C7-BAAC-3AA4F8D3792A}.Shipping|Win32.Build.0 = Shipping|Win32
		{BEC6E81E-F976-45C7-BAAC-3AA4F8D3792A}.Shipping|Win64.ActiveCfg = Shipping|x64
		{BEC6E81E-F976-45C7-BAAC-3AA4F8D3792A}.Shipping|Win64.Build.0 = Shipping|x64
	EndGlobalSection
	GlobalSection(SolutionProperties) = preSolution
		HideSolutionNode = FALSE
	EndGlobalSection
	GlobalSection(NestedProjects) = preSolution
		{0DF527DA-7919-4F47-91C2-22C9DEE64ADB} = {2CB0D2B5-B9CF-4C7F-AF81-EC701F76C8D4}
		{BEC6E81E-F976-45C7-BAAC-3AA4F8D3792A} = {F44AE476-9CE1-4DA9-B686-32CBB1D7E4C1}
	EndGlobalSection
EndGlobal
